PODS:
  - Flutter (1.0.0)
  - flutter_ios_doc_scanner (0.0.1):
    - Flutter

DEPENDENCIES:
  - Flutter (from `Flutter`)
  - flutter_ios_doc_scanner (from `.symlinks/plugins/flutter_ios_doc_scanner/ios`)

EXTERNAL SOURCES:
  Flutter:
    :path: Flutter
  flutter_ios_doc_scanner:
    :path: ".symlinks/plugins/flutter_ios_doc_scanner/ios"

SPEC CHECKSUMS:
  Flutter: 50d75fe2f02b26cc09d224853bb45737f8b3214a
  flutter_ios_doc_scanner: 090dcf2d9015f8ff70368f3f393f8ef1df38eea5

PODFILE CHECKSUM: cc1f88378b4bfcf93a6ce00d2c587857c6008d3b

COCOAPODS: 1.11.3
